{
  "version": 4,
  "terraform_version": "1.3.3",
  "serial": 319,
  "lineage": "efdc8b2d-ea6b-09e5-e4fe-8af768ebe977",
  "outputs": {},
  "resources": [
    {
      "mode": "managed",
      "type": "google_compute_firewall",
      "name": "allow_iap",
      "provider": "provider[\"registry.terraform.io/hashicorp/google\"]",
      "instances": [
        {
          "schema_version": 1,
          "attributes": {
            "allow": [
              {
                "ports": [
                  "22",
                  "80",
                  "443"
                ],
                "protocol": "tcp"
              }
            ],
            "creation_timestamp": "2022-11-17T12:14:08.576-08:00",
            "deny": [],
            "description": "",
            "destination_ranges": [],
            "direction": "INGRESS",
            "disabled": false,
            "enable_logging": null,
            "id": "projects/project-for-gcp-368920/global/firewalls/allow-iap",
            "log_config": [],
            "name": "allow-iap",
            "network": "https://www.googleapis.com/compute/v1/projects/project-for-gcp-368920/global/networks/vpc-gcp",
            "priority": 1000,
            "project": "project-for-gcp-368920",
            "self_link": "https://www.googleapis.com/compute/v1/projects/project-for-gcp-368920/global/firewalls/allow-iap",
            "source_ranges": [
              "35.235.240.0/20"
            ],
            "source_service_accounts": [],
            "source_tags": [],
            "target_service_accounts": [],
            "target_tags": [],
            "timeouts": null
          },
          "sensitive_attributes": [],
          "private": "eyJlMmJmYjczMC1lY2FhLTExZTYtOGY4OC0zNDM2M2JjN2M0YzAiOnsiY3JlYXRlIjoxMjAwMDAwMDAwMDAwLCJkZWxldGUiOjEyMDAwMDAwMDAwMDAsInVwZGF0ZSI6MTIwMDAwMDAwMDAwMH0sInNjaGVtYV92ZXJzaW9uIjoiMSJ9",
          "dependencies": [
            "google_compute_network.vpc_gcp"
          ]
        }
      ]
    },
    {
      "mode": "managed",
      "type": "google_compute_instance",
      "name": "privare_vm",
      "provider": "provider[\"registry.terraform.io/hashicorp/google\"]",
      "instances": [
        {
          "schema_version": 6,
          "attributes": {
            "advanced_machine_features": [],
            "allow_stopping_for_update": null,
            "attached_disk": [],
            "boot_disk": [
              {
                "auto_delete": true,
                "device_name": "persistent-disk-0",
                "disk_encryption_key_raw": "",
                "disk_encryption_key_sha256": "",
                "initialize_params": [
                  {
                    "image": "https://www.googleapis.com/compute/v1/projects/debian-cloud/global/images/debian-11-bullseye-v20221102",
                    "labels": {},
                    "size": 10,
                    "type": "pd-standard"
                  }
                ],
                "kms_key_self_link": "",
                "mode": "READ_WRITE",
                "source": "https://www.googleapis.com/compute/v1/projects/project-for-gcp-368920/zones/asia-east1-a/disks/private-vm"
              }
            ],
            "can_ip_forward": false,
            "confidential_instance_config": [],
            "cpu_platform": "Intel Broadwell",
            "current_status": "RUNNING",
            "deletion_protection": false,
            "description": "",
            "desired_status": null,
            "enable_display": false,
            "guest_accelerator": [],
            "hostname": "",
            "id": "projects/project-for-gcp-368920/zones/asia-east1-a/instances/private-vm",
            "instance_id": "3645743547415209706",
            "label_fingerprint": "42WmSpB8rSM=",
            "labels": {},
            "machine_type": "e2-micro",
            "metadata": {},
            "metadata_fingerprint": "FO-iUQfd000=",
            "metadata_startup_script": null,
            "min_cpu_platform": "",
            "name": "private-vm",
            "network_interface": [
              {
                "access_config": [],
                "alias_ip_range": [],
                "ipv6_access_config": [],
                "ipv6_access_type": "",
                "name": "nic0",
                "network": "https://www.googleapis.com/compute/v1/projects/project-for-gcp-368920/global/networks/vpc-gcp",
                "network_ip": "10.0.0.2",
                "nic_type": "",
                "queue_count": 0,
                "stack_type": "IPV4_ONLY",
                "subnetwork": "https://www.googleapis.com/compute/v1/projects/project-for-gcp-368920/regions/asia-east1/subnetworks/management-subnet",
                "subnetwork_project": "project-for-gcp-368920"
              }
            ],
            "project": "project-for-gcp-368920",
            "reservation_affinity": [],
            "resource_policies": [],
            "scheduling": [
              {
                "automatic_restart": true,
                "instance_termination_action": "",
                "min_node_cpus": 0,
                "node_affinities": [],
                "on_host_maintenance": "MIGRATE",
                "preemptible": false,
                "provisioning_model": "STANDARD"
              }
            ],
            "scratch_disk": [],
            "self_link": "https://www.googleapis.com/compute/v1/projects/project-for-gcp-368920/zones/asia-east1-a/instances/private-vm",
            "service_account": [
              {
                "email": "service-account-id@project-for-gcp-368920.iam.gserviceaccount.com",
                "scopes": [
                  "https://www.googleapis.com/auth/cloud-platform"
                ]
              }
            ],
            "shielded_instance_config": [
              {
                "enable_integrity_monitoring": true,
                "enable_secure_boot": false,
                "enable_vtpm": true
              }
            ],
            "tags": [],
            "tags_fingerprint": "42WmSpB8rSM=",
            "timeouts": null,
            "zone": "asia-east1-a"
          },
          "sensitive_attributes": [],
          "private": "eyJlMmJmYjczMC1lY2FhLTExZTYtOGY4OC0zNDM2M2JjN2M0YzAiOnsiY3JlYXRlIjoxMjAwMDAwMDAwMDAwLCJkZWxldGUiOjEyMDAwMDAwMDAwMDAsInVwZGF0ZSI6MTIwMDAwMDAwMDAwMH0sInNjaGVtYV92ZXJzaW9uIjoiNiJ9",
          "dependencies": [
            "google_compute_network.vpc_gcp",
            "google_compute_subnetwork.management-subnet",
            "google_service_account.sa"
          ]
        }
      ]
    },
    {
      "mode": "managed",
      "type": "google_compute_network",
      "name": "vpc_gcp",
      "provider": "provider[\"registry.terraform.io/hashicorp/google\"]",
      "instances": [
        {
          "schema_version": 0,
          "attributes": {
            "auto_create_subnetworks": false,
            "delete_default_routes_on_create": false,
            "description": "",
            "enable_ula_internal_ipv6": false,
            "gateway_ipv4": "",
            "id": "projects/project-for-gcp-368920/global/networks/vpc-gcp",
            "internal_ipv6_range": "",
            "mtu": 1460,
            "name": "vpc-gcp",
            "project": "project-for-gcp-368920",
            "routing_mode": "REGIONAL",
            "self_link": "https://www.googleapis.com/compute/v1/projects/project-for-gcp-368920/global/networks/vpc-gcp",
            "timeouts": null
          },
          "sensitive_attributes": [],
          "private": "eyJlMmJmYjczMC1lY2FhLTExZTYtOGY4OC0zNDM2M2JjN2M0YzAiOnsiY3JlYXRlIjoxMjAwMDAwMDAwMDAwLCJkZWxldGUiOjEyMDAwMDAwMDAwMDAsInVwZGF0ZSI6MTIwMDAwMDAwMDAwMH19"
        }
      ]
    },
    {
      "mode": "managed",
      "type": "google_compute_router",
      "name": "router",
      "provider": "provider[\"registry.terraform.io/hashicorp/google\"]",
      "instances": [
        {
          "schema_version": 0,
          "attributes": {
            "bgp": [
              {
                "advertise_mode": "DEFAULT",
                "advertised_groups": [],
                "advertised_ip_ranges": [],
                "asn": 64514,
                "keepalive_interval": 20
              }
            ],
            "creation_timestamp": "2022-11-17T12:14:36.712-08:00",
            "description": "",
            "encrypted_interconnect_router": false,
            "id": "projects/project-for-gcp-368920/regions/asia-east1/routers/my-router",
            "name": "my-router",
            "network": "https://www.googleapis.com/compute/v1/projects/project-for-gcp-368920/global/networks/vpc-gcp",
            "project": "project-for-gcp-368920",
            "region": "asia-east1",
            "self_link": "https://www.googleapis.com/compute/v1/projects/project-for-gcp-368920/regions/asia-east1/routers/my-router",
            "timeouts": null
          },
          "sensitive_attributes": [],
          "private": "eyJlMmJmYjczMC1lY2FhLTExZTYtOGY4OC0zNDM2M2JjN2M0YzAiOnsiY3JlYXRlIjoxMjAwMDAwMDAwMDAwLCJkZWxldGUiOjEyMDAwMDAwMDAwMDAsInVwZGF0ZSI6MTIwMDAwMDAwMDAwMH19",
          "dependencies": [
            "google_compute_network.vpc_gcp",
            "google_compute_subnetwork.management-subnet"
          ]
        }
      ]
    },
    {
      "mode": "managed",
      "type": "google_compute_router_nat",
      "name": "nat",
      "provider": "provider[\"registry.terraform.io/hashicorp/google\"]",
      "instances": [
        {
          "schema_version": 0,
          "attributes": {
            "drain_nat_ips": [],
            "enable_dynamic_port_allocation": false,
            "enable_endpoint_independent_mapping": true,
            "icmp_idle_timeout_sec": 30,
            "id": "project-for-gcp-368920/asia-east1/my-router/my-router-nat",
            "log_config": [
              {
                "enable": true,
                "filter": "ERRORS_ONLY"
              }
            ],
            "max_ports_per_vm": 0,
            "min_ports_per_vm": 0,
            "name": "my-router-nat",
            "nat_ip_allocate_option": "AUTO_ONLY",
            "nat_ips": [],
            "project": "project-for-gcp-368920",
            "region": "asia-east1",
            "router": "my-router",
            "rules": [],
            "source_subnetwork_ip_ranges_to_nat": "ALL_SUBNETWORKS_ALL_IP_RANGES",
            "subnetwork": [],
            "tcp_established_idle_timeout_sec": 1200,
            "tcp_transitory_idle_timeout_sec": 30,
            "timeouts": null,
            "udp_idle_timeout_sec": 30
          },
          "sensitive_attributes": [],
          "private": "eyJlMmJmYjczMC1lY2FhLTExZTYtOGY4OC0zNDM2M2JjN2M0YzAiOnsiY3JlYXRlIjoxMjAwMDAwMDAwMDAwLCJkZWxldGUiOjEyMDAwMDAwMDAwMDAsInVwZGF0ZSI6MTIwMDAwMDAwMDAwMH19",
          "dependencies": [
            "google_compute_network.vpc_gcp",
            "google_compute_router.router",
            "google_compute_subnetwork.management-subnet"
          ]
        }
      ]
    },
    {
      "mode": "managed",
      "type": "google_compute_subnetwork",
      "name": "management-subnet",
      "provider": "provider[\"registry.terraform.io/hashicorp/google\"]",
      "instances": [
        {
          "schema_version": 0,
          "attributes": {
            "creation_timestamp": "2022-11-17T12:14:10.758-08:00",
            "description": "",
            "external_ipv6_prefix": "",
            "fingerprint": null,
            "gateway_address": "10.0.0.1",
            "id": "projects/project-for-gcp-368920/regions/asia-east1/subnetworks/management-subnet",
            "ip_cidr_range": "10.0.0.0/16",
            "ipv6_access_type": "",
            "ipv6_cidr_range": "",
            "log_config": [],
            "name": "management-subnet",
            "network": "https://www.googleapis.com/compute/v1/projects/project-for-gcp-368920/global/networks/vpc-gcp",
            "private_ip_google_access": false,
            "private_ipv6_google_access": "DISABLE_GOOGLE_ACCESS",
            "project": "project-for-gcp-368920",
            "purpose": "PRIVATE",
            "region": "asia-east1",
            "role": "",
            "secondary_ip_range": [],
            "self_link": "https://www.googleapis.com/compute/v1/projects/project-for-gcp-368920/regions/asia-east1/subnetworks/management-subnet",
            "stack_type": "IPV4_ONLY",
            "timeouts": null
          },
          "sensitive_attributes": [],
          "private": "eyJlMmJmYjczMC1lY2FhLTExZTYtOGY4OC0zNDM2M2JjN2M0YzAiOnsiY3JlYXRlIjoxMjAwMDAwMDAwMDAwLCJkZWxldGUiOjEyMDAwMDAwMDAwMDAsInVwZGF0ZSI6MTIwMDAwMDAwMDAwMH19",
          "dependencies": [
            "google_compute_network.vpc_gcp"
          ]
        }
      ]
    },
    {
      "mode": "managed",
      "type": "google_compute_subnetwork",
      "name": "restricted-subnet",
      "provider": "provider[\"registry.terraform.io/hashicorp/google\"]",
      "instances": [
        {
          "schema_version": 0,
          "attributes": {
            "creation_timestamp": "2022-11-17T12:14:12.250-08:00",
            "description": "",
            "external_ipv6_prefix": "",
            "fingerprint": null,
            "gateway_address": "10.2.0.1",
            "id": "projects/project-for-gcp-368920/regions/asia-east1/subnetworks/restricted-subnet",
            "ip_cidr_range": "10.2.0.0/16",
            "ipv6_access_type": "",
            "ipv6_cidr_range": "",
            "log_config": [],
            "name": "restricted-subnet",
            "network": "https://www.googleapis.com/compute/v1/projects/project-for-gcp-368920/global/networks/vpc-gcp",
            "private_ip_google_access": true,
            "private_ipv6_google_access": "DISABLE_GOOGLE_ACCESS",
            "project": "project-for-gcp-368920",
            "purpose": "PRIVATE",
            "region": "asia-east1",
            "role": "",
            "secondary_ip_range": [],
            "self_link": "https://www.googleapis.com/compute/v1/projects/project-for-gcp-368920/regions/asia-east1/subnetworks/restricted-subnet",
            "stack_type": "IPV4_ONLY",
            "timeouts": null
          },
          "sensitive_attributes": [],
          "private": "eyJlMmJmYjczMC1lY2FhLTExZTYtOGY4OC0zNDM2M2JjN2M0YzAiOnsiY3JlYXRlIjoxMjAwMDAwMDAwMDAwLCJkZWxldGUiOjEyMDAwMDAwMDAwMDAsInVwZGF0ZSI6MTIwMDAwMDAwMDAwMH19",
          "dependencies": [
            "google_compute_network.vpc_gcp"
          ]
        }
      ]
    },
    {
      "mode": "managed",
      "type": "google_container_cluster",
      "name": "k8-cluster",
      "provider": "provider[\"registry.terraform.io/hashicorp/google\"]",
      "instances": [
        {
          "schema_version": 1,
          "attributes": {
            "addons_config": [
              {
                "cloudrun_config": [],
                "dns_cache_config": [],
                "gce_persistent_disk_csi_driver_config": [
                  {
                    "enabled": true
                  }
                ],
                "gcp_filestore_csi_driver_config": [],
                "horizontal_pod_autoscaling": [],
                "http_load_balancing": [],
                "network_policy_config": [
                  {
                    "disabled": true
                  }
                ]
              }
            ],
            "authenticator_groups_config": [],
            "binary_authorization": [
              {
                "enabled": false,
                "evaluation_mode": ""
              }
            ],
            "cluster_autoscaling": [
              {
                "auto_provisioning_defaults": [],
                "enabled": false,
                "resource_limits": []
              }
            ],
            "cluster_ipv4_cidr": "10.3.0.0/16",
            "confidential_nodes": [],
            "cost_management_config": [],
            "database_encryption": [
              {
                "key_name": "",
                "state": "DECRYPTED"
              }
            ],
            "datapath_provider": "",
            "default_max_pods_per_node": 110,
            "default_snat_status": [
              {
                "disabled": false
              }
            ],
            "description": "",
            "dns_config": [],
            "enable_autopilot": false,
            "enable_binary_authorization": false,
            "enable_intranode_visibility": false,
            "enable_kubernetes_alpha": false,
            "enable_legacy_abac": false,
            "enable_shielded_nodes": true,
            "enable_tpu": false,
            "endpoint": "172.16.0.2",
            "id": "projects/project-for-gcp-368920/locations/asia-east1/clusters/k8-cluster",
            "initial_node_count": 1,
            "ip_allocation_policy": [
              {
                "cluster_ipv4_cidr_block": "10.3.0.0/16",
                "cluster_secondary_range_name": "gke-k8-cluster-pods-b832fbaa",
                "services_ipv4_cidr_block": "10.4.0.0/16",
                "services_secondary_range_name": "gke-k8-cluster-services-b832fbaa"
              }
            ],
            "label_fingerprint": "a9dc16a7",
            "location": "asia-east1",
            "logging_config": [
              {
                "enable_components": [
                  "SYSTEM_COMPONENTS",
                  "WORKLOADS"
                ]
              }
            ],
            "logging_service": "logging.googleapis.com/kubernetes",
            "maintenance_policy": [],
            "master_auth": [
              {
                "client_certificate": "",
                "client_certificate_config": [
                  {
                    "issue_client_certificate": false
                  }
                ],
                "client_key": "",
                "cluster_ca_certificate": "LS0tLS1CRUdJTiBDRVJUSUZJQ0FURS0tLS0tCk1JSUVMVENDQXBXZ0F3SUJBZ0lSQUxOWFR2RWF5M3kwWVVaVlFVbGMwaDR3RFFZSktvWklodmNOQVFFTEJRQXcKTHpFdE1Dc0dBMVVFQXhNa1pUQmlNbVJqTldVdFl6TXdOaTAwTm1JM0xUZ3haVFl0TnprM1pqaGlaRE5rTldWawpNQ0FYRFRJeU1URXhOekU1TXpjeE5Gb1lEekl3TlRJeE1UQTVNakF6TnpFMFdqQXZNUzB3S3dZRFZRUURFeVJsCk1HSXlaR00xWlMxak16QTJMVFEyWWpjdE9ERmxOaTAzT1RkbU9HSmtNMlExWldRd2dnR2lNQTBHQ1NxR1NJYjMKRFFFQkFRVUFBNElCandBd2dnR0tBb0lCZ1FETDJWUzltbTBVL0ZscGNBT0NUbkVoUFU1Um1kR0dSTlhaQ3NndgpFdzROaHBta0ozNjQ2Y1I5Z3FBVThMeW1DVzJnSUlWUVBUbGw1OW8rTHoxTHhVbHFlemV4UndlMDkweFJLc3JICnVTTUlNdjdrQ1phaE40K3hrek9wWE1RL25FeHIxWjRIUnlFdlJtRUVEL1ZFQ1hCMXJzakxORTY4MzU4ZTY2emkKR0lHUlRiYmI5Ukx3QzBtbksyeUVkaWVsMEdxUnlIalNCV0srZU9rZGEyNDQ1bmpMbjhRTDc3VkxYZXdUMzFmOQorSFkxeEVpRVB5UVM3d1FlbjZDWGtkSExYNnVYelJ1U3JJaVJKc2xPb2F5QzNjd0xGNVFjMUE1NVVIRFBieEdlCkw5UHFEcjh3eXVZK01RMnRNL25zSE9TU2NmRGIzNVJPK2o3VjVKUjVUUUd0L3RaQkE5bjhzUkRwUUM3TFE4OWQKbGJ4T1BadDJwYnFwclR3bjFidTNNbXFRTXVSayt6RDV5MG5PZ0tKRkVOdHI3ck9BdnhBMWVJL0ltNExiQmxqTApsZU1OWXlGUExRYnZLbWlQUVlEUWlzem5xVHU0czBpK0QzOFFTOHBYKzV5MldmMy9zSVlFL0Jtc1FvZTVSSDJPCjdSZE51RVBXNWZmdWZzUmcwWXI4NmhtRUlzc0NBd0VBQWFOQ01FQXdEZ1lEVlIwUEFRSC9CQVFEQWdJRU1BOEcKQTFVZEV3RUIvd1FGTUFNQkFmOHdIUVlEVlIwT0JCWUVGQnM1ZEtueWNVVHBVR09BMDc5MlAzSU9ScnYzTUEwRwpDU3FHU0liM0RRRUJDd1VBQTRJQmdRQjF3NDZXZXpDWXJXVTdMa09LY21QclZZWStmVktpa295Z3AyU0xuOXVVCmpDcHZaMWJ1dFYxTncyYmx0S1B1dFdGWUtCdmJyWVFIdWxxVHAvRmhVQndQdDRyYjAzSCtseUxKSi9neGVtdGwKSnJWSkZWWERmRmxuRW0zUzNOdEhMT0pjWkx4MkVCU2FuelV6SWlnVURPbllHRHduVHFwYThhWXA2QmdSenpLKwpNb2VNdXQ1aEg5RnF6Vmc3QXZoZXpnbVk3cEZNOTF5K054Slh6VWNzelFrTEVnMGRNVVpSSDZ6TDROeWxSVHRZCk16a3pKQkRpN0d5cG5jSXNmTlpSSTNjdUFBa3VETlVhK0ZPT1ZsODdHRSsxYzc0Vmx6MUZjU3A2aE5uZDR3VzYKdVpmaHNqdzBCaUs5MUk1c1VmeXZ3T0Y1ZXJqbTdaWlMxNlVrcHo1STZxQk1ocnNESFZ2Ym1PbzI3NGxqbVVneAo4YUhIVlNnRlRuemlzN28rUXF4ZHczbXFkY1dvSXEwVmQyWXZhTjJMYWFDem5YVGszNUlqdDFaRDhuVXJ6ZjdaClVzRWZaTy9sNGVqamhQOS9Tc0NBQXZ5UzNqdXFQUk5RamxqamlmdlF0MVhpdDg2dUx6SWlmOVBDTkljdWpyY1EKaXZscXV5NWRLSXRDWENyMXcyVHF2dzg9Ci0tLS0tRU5EIENFUlRJRklDQVRFLS0tLS0K"
              }
            ],
            "master_authorized_networks_config": [
              {
                "cidr_blocks": [
                  {
                    "cidr_block": "10.0.0.0/16",
                    "display_name": "management"
                  }
                ]
              }
            ],
            "master_version": "1.23.12-gke.100",
            "mesh_certificates": [],
            "min_master_version": null,
            "monitoring_config": [
              {
                "enable_components": [
                  "SYSTEM_COMPONENTS"
                ]
              }
            ],
            "monitoring_service": "monitoring.googleapis.com/kubernetes",
            "name": "k8-cluster",
            "network": "projects/project-for-gcp-368920/global/networks/vpc-gcp",
            "network_policy": [
              {
                "enabled": false,
                "provider": "PROVIDER_UNSPECIFIED"
              }
            ],
            "networking_mode": "VPC_NATIVE",
            "node_config": [],
            "node_locations": [
              "asia-east1-a",
              "asia-east1-b",
              "asia-east1-c"
            ],
            "node_pool": [],
            "node_version": "1.23.12-gke.100",
            "notification_config": [
              {
                "pubsub": [
                  {
                    "enabled": false,
                    "filter": [],
                    "topic": ""
                  }
                ]
              }
            ],
            "operation": null,
            "private_cluster_config": [
              {
                "enable_private_endpoint": true,
                "enable_private_nodes": true,
                "master_global_access_config": [
                  {
                    "enabled": false
                  }
                ],
                "master_ipv4_cidr_block": "172.16.0.0/28",
                "peering_name": "gke-n757851ded33ceb0e4b2-b00c-7804-peer",
                "private_endpoint": "172.16.0.2",
                "public_endpoint": "35.194.161.205"
              }
            ],
            "private_ipv6_google_access": "",
            "project": "project-for-gcp-368920",
            "release_channel": [
              {
                "channel": "REGULAR"
              }
            ],
            "remove_default_node_pool": true,
            "resource_labels": null,
            "resource_usage_export_config": [],
            "self_link": "https://container.googleapis.com/v1/projects/project-for-gcp-368920/locations/asia-east1/clusters/k8-cluster",
            "service_external_ips_config": [
              {
                "enabled": false
              }
            ],
            "services_ipv4_cidr": "10.4.0.0/16",
            "subnetwork": "projects/project-for-gcp-368920/regions/asia-east1/subnetworks/restricted-subnet",
            "timeouts": null,
            "tpu_ipv4_cidr_block": "",
            "vertical_pod_autoscaling": [],
            "workload_identity_config": []
          },
          "sensitive_attributes": [],
          "private": "eyJlMmJmYjczMC1lY2FhLTExZTYtOGY4OC0zNDM2M2JjN2M0YzAiOnsiY3JlYXRlIjoyNDAwMDAwMDAwMDAwLCJkZWxldGUiOjI0MDAwMDAwMDAwMDAsInJlYWQiOjI0MDAwMDAwMDAwMDAsInVwZGF0ZSI6MzYwMDAwMDAwMDAwMH0sInNjaGVtYV92ZXJzaW9uIjoiMSJ9",
          "dependencies": [
            "google_compute_network.vpc_gcp",
            "google_compute_subnetwork.restricted-subnet"
          ]
        }
      ]
    },
    {
      "mode": "managed",
      "type": "google_container_node_pool",
      "name": "nodes",
      "provider": "provider[\"registry.terraform.io/hashicorp/google\"]",
      "instances": [
        {
          "schema_version": 1,
          "attributes": {
            "autoscaling": [],
            "cluster": "k8-cluster",
            "id": "projects/project-for-gcp-368920/locations/asia-east1/clusters/k8-cluster/nodePools/node-01",
            "initial_node_count": 1,
            "instance_group_urls": [
              "https://www.googleapis.com/compute/v1/projects/project-for-gcp-368920/zones/asia-east1-b/instanceGroupManagers/gke-k8-cluster-node-01-700496fd-grp",
              "https://www.googleapis.com/compute/v1/projects/project-for-gcp-368920/zones/asia-east1-a/instanceGroupManagers/gke-k8-cluster-node-01-be53675e-grp",
              "https://www.googleapis.com/compute/v1/projects/project-for-gcp-368920/zones/asia-east1-c/instanceGroupManagers/gke-k8-cluster-node-01-7b8ab345-grp"
            ],
            "location": "asia-east1",
            "managed_instance_group_urls": [
              "https://www.googleapis.com/compute/v1/projects/project-for-gcp-368920/zones/asia-east1-b/instanceGroups/gke-k8-cluster-node-01-700496fd-grp",
              "https://www.googleapis.com/compute/v1/projects/project-for-gcp-368920/zones/asia-east1-a/instanceGroups/gke-k8-cluster-node-01-be53675e-grp",
              "https://www.googleapis.com/compute/v1/projects/project-for-gcp-368920/zones/asia-east1-c/instanceGroups/gke-k8-cluster-node-01-7b8ab345-grp"
            ],
            "management": [
              {
                "auto_repair": true,
                "auto_upgrade": true
              }
            ],
            "max_pods_per_node": 110,
            "name": "node-01",
            "name_prefix": "",
            "node_config": [
              {
                "boot_disk_kms_key": "",
                "disk_size_gb": 100,
                "disk_type": "pd-standard",
                "gcfs_config": [],
                "guest_accelerator": [],
                "gvnic": [],
                "image_type": "COS_CONTAINERD",
                "labels": {},
                "local_ssd_count": 0,
                "machine_type": "e2-medium",
                "metadata": {
                  "disable-legacy-endpoints": "true"
                },
                "min_cpu_platform": "",
                "node_group": "",
                "oauth_scopes": [
                  "https://www.googleapis.com/auth/devstorage.read_only",
                  "https://www.googleapis.com/auth/logging.write",
                  "https://www.googleapis.com/auth/monitoring",
                  "https://www.googleapis.com/auth/service.management.readonly",
                  "https://www.googleapis.com/auth/servicecontrol",
                  "https://www.googleapis.com/auth/trace.append"
                ],
                "preemptible": false,
                "reservation_affinity": [],
                "service_account": "default",
                "shielded_instance_config": [
                  {
                    "enable_integrity_monitoring": true,
                    "enable_secure_boot": false
                  }
                ],
                "spot": false,
                "tags": [],
                "taint": [],
                "workload_metadata_config": []
              }
            ],
            "node_count": 1,
            "node_locations": [
              "asia-east1-a",
              "asia-east1-b",
              "asia-east1-c"
            ],
            "operation": null,
            "project": "project-for-gcp-368920",
            "timeouts": null,
            "upgrade_settings": [
              {
                "max_surge": 1,
                "max_unavailable": 0
              }
            ],
            "version": "1.23.12-gke.100"
          },
          "sensitive_attributes": [],
          "private": "eyJlMmJmYjczMC1lY2FhLTExZTYtOGY4OC0zNDM2M2JjN2M0YzAiOnsiY3JlYXRlIjoxODAwMDAwMDAwMDAwLCJkZWxldGUiOjE4MDAwMDAwMDAwMDAsInVwZGF0ZSI6MTgwMDAwMDAwMDAwMH0sInNjaGVtYV92ZXJzaW9uIjoiMSJ9",
          "dependencies": [
            "google_compute_network.vpc_gcp",
            "google_compute_subnetwork.restricted-subnet",
            "google_container_cluster.k8-cluster"
          ]
        }
      ]
    },
    {
      "mode": "managed",
      "type": "google_project_iam_binding",
      "name": "role_1",
      "provider": "provider[\"registry.terraform.io/hashicorp/google\"]",
      "instances": [
        {
          "schema_version": 0,
          "attributes": {
            "condition": [],
            "etag": "BwXtsInczU0=",
            "id": "project-for-gcp-368920/roles/storage.objectAdmin",
            "members": [
              "serviceAccount:service-account-id@project-for-gcp-368920.iam.gserviceaccount.com"
            ],
            "project": "project-for-gcp-368920",
            "role": "roles/storage.objectAdmin"
          },
          "sensitive_attributes": [],
          "private": "bnVsbA==",
          "dependencies": [
            "google_service_account.sa"
          ]
        }
      ]
    },
    {
      "mode": "managed",
      "type": "google_project_iam_binding",
      "name": "role_2",
      "provider": "provider[\"registry.terraform.io/hashicorp/google\"]",
      "instances": [
        {
          "schema_version": 0,
          "attributes": {
            "condition": [],
            "etag": "BwXtsInczU0=",
            "id": "project-for-gcp-368920/roles/container.admin",
            "members": [
              "serviceAccount:service-account-id@project-for-gcp-368920.iam.gserviceaccount.com"
            ],
            "project": "project-for-gcp-368920",
            "role": "roles/container.admin"
          },
          "sensitive_attributes": [],
          "private": "bnVsbA==",
          "dependencies": [
            "google_service_account.sa"
          ]
        }
      ]
    },
    {
      "mode": "managed",
      "type": "google_service_account",
      "name": "sa",
      "provider": "provider[\"registry.terraform.io/hashicorp/google\"]",
      "instances": [
        {
          "schema_version": 0,
          "attributes": {
            "account_id": "service-account-id",
            "description": "",
            "disabled": false,
            "display_name": "service-account-id",
            "email": "service-account-id@project-for-gcp-368920.iam.gserviceaccount.com",
            "id": "projects/project-for-gcp-368920/serviceAccounts/service-account-id@project-for-gcp-368920.iam.gserviceaccount.com",
            "member": "serviceAccount:service-account-id@project-for-gcp-368920.iam.gserviceaccount.com",
            "name": "projects/project-for-gcp-368920/serviceAccounts/service-account-id@project-for-gcp-368920.iam.gserviceaccount.com",
            "project": "project-for-gcp-368920",
            "timeouts": null,
            "unique_id": "105539247636132478320"
          },
          "sensitive_attributes": [],
          "private": "eyJlMmJmYjczMC1lY2FhLTExZTYtOGY4OC0zNDM2M2JjN2M0YzAiOnsiY3JlYXRlIjozMDAwMDAwMDAwMDB9fQ=="
        }
      ]
    }
  ],
  "check_results": []
}
